
Microsoft Visual Studio Solution File, Format Version 12.00
# Visual Studio Version 16
VisualStudioVersion = 16.0.32901.82
MinimumVisualStudioVersion = 10.0.40219.1
Project("{FAE04EC0-301F-11D3-BF4B-00C04F79EFBC}") = "Grid Game", "Grid Game\Grid Game.csproj", "{BC8DD8F8-753E-47E7-B081-956FA1920322}"
EndProject
Global
	GlobalSection(SolutionConfigurationPlatforms) = preSolution
		Debug|Any CPU = Debug|Any CPU
		Release|Any CPU = Release|Any CPU
	EndGlobalSection
	GlobalSection(ProjectConfigurationPlatforms) = postSolution
		{BC8DD8F8-753E-47E7-B081-956FA1920322}.Debug|Any CPU.ActiveCfg = Debug|Any CPU
		{BC8DD8F8-753E-47E7-B081-956FA1920322}.Debug|Any CPU.Build.0 = Debug|Any CPU
		{BC8DD8F8-753E-47E7-B081-956FA1920322}.Release|Any CPU.ActiveCfg = Release|Any CPU
		{BC8DD8F8-753E-47E7-B081-956FA1920322}.Release|Any CPU.Build.0 = Release|Any CPU
	EndGlobalSection
	GlobalSection(SolutionProperties) = preSolution
		HideSolutionNode = FALSE
	EndGlobalSection
	GlobalSection(ExtensibilityGlobals) = postSolution
		SolutionGuid = {5EA0642D-FCA8-4D7B-A9E9-546844E36B12}
	EndGlobalSection
EndGlobal
